
Microsoft Visual Studio Solution File, Format Version 12.00
# Visual Studio Version 17
VisualStudioVersion = 17.7.34031.279
MinimumVisualStudioVersion = 10.0.40219.1
Project("{9A19103F-16F7-4668-BE54-9A1E7A4F7556}") = "TestApp", "..\..\..\Desktop\TestApp\TestApp.csproj", "{41F573BF-9C12-4A74-AE13-F0E5703246D1}"
EndProject
Project("{9A19103F-16F7-4668-BE54-9A1E7A4F7556}") = "TestApp.Tests", "..\..\..\Desktop\TestApp.Tests\TestApp.Tests.csproj", "{1968AD2A-26DA-4DEC-9DCF-7B42266E8A95}"
EndProject
Global
	GlobalSection(SolutionConfigurationPlatforms) = preSolution
		Debug|Any CPU = Debug|Any CPU
		Release|Any CPU = Release|Any CPU
	EndGlobalSection
	GlobalSection(ProjectConfigurationPlatforms) = postSolution
		{41F573BF-9C12-4A74-AE13-F0E5703246D1}.Debug|Any CPU.ActiveCfg = Debug|Any CPU
		{41F573BF-9C12-4A74-AE13-F0E5703246D1}.Debug|Any CPU.Build.0 = Debug|Any CPU
		{41F573BF-9C12-4A74-AE13-F0E5703246D1}.Release|Any CPU.ActiveCfg = Release|Any CPU
		{41F573BF-9C12-4A74-AE13-F0E5703246D1}.Release|Any CPU.Build.0 = Release|Any CPU
		{1968AD2A-26DA-4DEC-9DCF-7B42266E8A95}.Debug|Any CPU.ActiveCfg = Debug|Any CPU
		{1968AD2A-26DA-4DEC-9DCF-7B42266E8A95}.Debug|Any CPU.Build.0 = Debug|Any CPU
		{1968AD2A-26DA-4DEC-9DCF-7B42266E8A95}.Release|Any CPU.ActiveCfg = Release|Any CPU
		{1968AD2A-26DA-4DEC-9DCF-7B42266E8A95}.Release|Any CPU.Build.0 = Release|Any CPU
	EndGlobalSection
	GlobalSection(SolutionProperties) = preSolution
		HideSolutionNode = FALSE
	EndGlobalSection
	GlobalSection(ExtensibilityGlobals) = postSolution
		SolutionGuid = {B771B265-7501-413B-93FD-461F0F78ED8A}
	EndGlobalSection
EndGlobal
